
Microsoft Visual Studio Solution File, Format Version 12.00
# Visual Studio Version 16
VisualStudioVersion = 16.0.31205.134
MinimumVisualStudioVersion = 10.0.40219.1
Project("{FAE04EC0-301F-11D3-BF4B-00C04F79EFBC}") = "MostriVsEroi", "MostriVsEroi\MostriVsEroi.csproj", "{0CE8A0E6-E81C-4B38-82FB-497278A0E478}"
EndProject
Project("{FAE04EC0-301F-11D3-BF4B-00C04F79EFBC}") = "MostriVsEroiConsoleApp", "MostriVsEroiConsoleApp\MostriVsEroiConsoleApp.csproj", "{17BA761A-E0C3-4DBD-8BF4-A797DF294D1A}"
EndProject
Global
	GlobalSection(SolutionConfigurationPlatforms) = preSolution
		Debug|Any CPU = Debug|Any CPU
		Release|Any CPU = Release|Any CPU
	EndGlobalSection
	GlobalSection(ProjectConfigurationPlatforms) = postSolution
		{0CE8A0E6-E81C-4B38-82FB-497278A0E478}.Debug|Any CPU.ActiveCfg = Debug|Any CPU
		{0CE8A0E6-E81C-4B38-82FB-497278A0E478}.Debug|Any CPU.Build.0 = Debug|Any CPU
		{0CE8A0E6-E81C-4B38-82FB-497278A0E478}.Release|Any CPU.ActiveCfg = Release|Any CPU
		{0CE8A0E6-E81C-4B38-82FB-497278A0E478}.Release|Any CPU.Build.0 = Release|Any CPU
		{17BA761A-E0C3-4DBD-8BF4-A797DF294D1A}.Debug|Any CPU.ActiveCfg = Debug|Any CPU
		{17BA761A-E0C3-4DBD-8BF4-A797DF294D1A}.Debug|Any CPU.Build.0 = Debug|Any CPU
		{17BA761A-E0C3-4DBD-8BF4-A797DF294D1A}.Release|Any CPU.ActiveCfg = Release|Any CPU
		{17BA761A-E0C3-4DBD-8BF4-A797DF294D1A}.Release|Any CPU.Build.0 = Release|Any CPU
	EndGlobalSection
	GlobalSection(SolutionProperties) = preSolution
		HideSolutionNode = FALSE
	EndGlobalSection
	GlobalSection(ExtensibilityGlobals) = postSolution
		SolutionGuid = {7D37378D-7546-48AE-9676-1D2AE70C6B9F}
	EndGlobalSection
EndGlobal
